
Microsoft Visual Studio Solution File, Format Version 12.00
# Visual Studio Version 16
VisualStudioVersion = 16.0.31205.134
MinimumVisualStudioVersion = 10.0.40219.1
Project("{FAE04EC0-301F-11D3-BF4B-00C04F79EFBC}") = "Critical", "Critical.csproj", "{7946638A-43D7-4B15-99F0-239D5B30DB81}"
EndProject
Project("{FAE04EC0-301F-11D3-BF4B-00C04F79EFBC}") = "UnitTestProject1", "..\UnitTestProject1\UnitTestProject1.csproj", "{CFCEFD1A-0E9C-4461-AA05-2B5F3A57DAF2}"
EndProject
Project("{2150E333-8FDC-42A3-9474-1A3956D46DE8}") = "Файлы", "Файлы", "{014269D7-172A-4A53-B1F0-781A5C1D7482}"
	ProjectSection(SolutionItems) = preProject
		bin\Debug\Log.txt = bin\Debug\Log.txt
		bin\Debug\Ввод.csv = bin\Debug\Ввод.csv
		bin\Debug\Вывод.csv = bin\Debug\Вывод.csv
		..\..\Решение ММ.docx = ..\..\Решение ММ.docx
	EndProjectSection
EndProject
Global
	GlobalSection(SolutionConfigurationPlatforms) = preSolution
		Debug|Any CPU = Debug|Any CPU
		Release|Any CPU = Release|Any CPU
	EndGlobalSection
	GlobalSection(ProjectConfigurationPlatforms) = postSolution
		{7946638A-43D7-4B15-99F0-239D5B30DB81}.Debug|Any CPU.ActiveCfg = Debug|Any CPU
		{7946638A-43D7-4B15-99F0-239D5B30DB81}.Debug|Any CPU.Build.0 = Debug|Any CPU
		{7946638A-43D7-4B15-99F0-239D5B30DB81}.Release|Any CPU.ActiveCfg = Release|Any CPU
		{7946638A-43D7-4B15-99F0-239D5B30DB81}.Release|Any CPU.Build.0 = Release|Any CPU
		{CFCEFD1A-0E9C-4461-AA05-2B5F3A57DAF2}.Debug|Any CPU.ActiveCfg = Debug|Any CPU
		{CFCEFD1A-0E9C-4461-AA05-2B5F3A57DAF2}.Debug|Any CPU.Build.0 = Debug|Any CPU
		{CFCEFD1A-0E9C-4461-AA05-2B5F3A57DAF2}.Release|Any CPU.ActiveCfg = Release|Any CPU
		{CFCEFD1A-0E9C-4461-AA05-2B5F3A57DAF2}.Release|Any CPU.Build.0 = Release|Any CPU
	EndGlobalSection
	GlobalSection(SolutionProperties) = preSolution
		HideSolutionNode = FALSE
	EndGlobalSection
	GlobalSection(ExtensibilityGlobals) = postSolution
		SolutionGuid = {C4A40002-AADB-41F3-968C-75CCD2E4F8E1}
	EndGlobalSection
EndGlobal
